
Microsoft Visual Studio Solution File, Format Version 12.00
# Visual Studio Version 16
VisualStudioVersion = 16.0.30114.105
MinimumVisualStudioVersion = 10.0.40219.1
Project("{2150E333-8FDC-42A3-9474-1A3956D46DE8}") = "src", "src", "{8E4812DF-1A7B-4A44-82A1-DC0F701C1EF4}"
EndProject
Project("{FAE04EC0-301F-11D3-BF4B-00C04F79EFBC}") = "TextualDatabase", "src\TextualDatabase\TextualDatabase.csproj", "{DA53C8ED-A65E-4D69-A329-481A5EF182AD}"
EndProject
Global
	GlobalSection(SolutionConfigurationPlatforms) = preSolution
		Debug|Any CPU = Debug|Any CPU
		Release|Any CPU = Release|Any CPU
	EndGlobalSection
	GlobalSection(SolutionProperties) = preSolution
		HideSolutionNode = FALSE
	EndGlobalSection
	GlobalSection(ProjectConfigurationPlatforms) = postSolution
		{DA53C8ED-A65E-4D69-A329-481A5EF182AD}.Debug|Any CPU.ActiveCfg = Debug|Any CPU
		{DA53C8ED-A65E-4D69-A329-481A5EF182AD}.Debug|Any CPU.Build.0 = Debug|Any CPU
		{DA53C8ED-A65E-4D69-A329-481A5EF182AD}.Release|Any CPU.ActiveCfg = Release|Any CPU
		{DA53C8ED-A65E-4D69-A329-481A5EF182AD}.Release|Any CPU.Build.0 = Release|Any CPU
	EndGlobalSection
	GlobalSection(NestedProjects) = preSolution
		{DA53C8ED-A65E-4D69-A329-481A5EF182AD} = {8E4812DF-1A7B-4A44-82A1-DC0F701C1EF4}
	EndGlobalSection
EndGlobal
