
Microsoft Visual Studio Solution File, Format Version 12.00
# Visual Studio Version 17
VisualStudioVersion = 17.4.32804.182
MinimumVisualStudioVersion = 10.0.40219.1
Project("{2150E333-8FDC-42A3-9474-1A3956D46DE8}") = "src", "src", "{F80EE278-419B-4DDB-8F6E-E459D0A963EB}"
EndProject
Project("{9A19103F-16F7-4668-BE54-9A1E7A4F7556}") = "SpeechSearchSystem", "src\SpeechSearchSystem\SpeechSearchSystem.csproj", "{407707D4-AADF-44BF-A9BB-B4B09D07FE06}"
EndProject
Project("{9A19103F-16F7-4668-BE54-9A1E7A4F7556}") = "SpeechSearchSystem.Application", "src\SpeechSearchSystem.Application\SpeechSearchSystem.Application.csproj", "{6FA3786D-7EF4-4605-A067-FCEB20B5EE51}"
EndProject
Project("{9A19103F-16F7-4668-BE54-9A1E7A4F7556}") = "SpeechSearchSystem.Domain", "src\SpeechSearchSystem.Domain\SpeechSearchSystem.Domain.csproj", "{6E9C9495-A1A0-4506-8550-FCF65E44086A}"
EndProject
Project("{9A19103F-16F7-4668-BE54-9A1E7A4F7556}") = "SpeechSearchSystem.Infrastructure", "src\SpeechSearchSystem.Infrastructure\SpeechSearchSystem.Infrastructure.csproj", "{8346B126-4CF8-45D7-BF3C-FB182FBB173F}"
EndProject
Project("{E53339B2-1760-4266-BCC7-CA923CBCF16C}") = "docker-compose", "docker\docker-compose.dcproj", "{BCC8A7F8-722C-47EA-8978-46E4DCB906BA}"
EndProject
Project("{2150E333-8FDC-42A3-9474-1A3956D46DE8}") = "inc", "inc", "{FA52B4F8-FFD2-4CDC-BC0F-C0EEDA6667C7}"
	ProjectSection(SolutionItems) = preProject
		.editorconfig = .editorconfig
		.gitignore = .gitignore
	EndProjectSection
EndProject
Global
	GlobalSection(SolutionConfigurationPlatforms) = preSolution
		Debug|Any CPU = Debug|Any CPU
		Release|Any CPU = Release|Any CPU
	EndGlobalSection
	GlobalSection(ProjectConfigurationPlatforms) = postSolution
		{407707D4-AADF-44BF-A9BB-B4B09D07FE06}.Debug|Any CPU.ActiveCfg = Debug|Any CPU
		{407707D4-AADF-44BF-A9BB-B4B09D07FE06}.Debug|Any CPU.Build.0 = Debug|Any CPU
		{407707D4-AADF-44BF-A9BB-B4B09D07FE06}.Release|Any CPU.ActiveCfg = Release|Any CPU
		{407707D4-AADF-44BF-A9BB-B4B09D07FE06}.Release|Any CPU.Build.0 = Release|Any CPU
		{6FA3786D-7EF4-4605-A067-FCEB20B5EE51}.Debug|Any CPU.ActiveCfg = Debug|Any CPU
		{6FA3786D-7EF4-4605-A067-FCEB20B5EE51}.Debug|Any CPU.Build.0 = Debug|Any CPU
		{6FA3786D-7EF4-4605-A067-FCEB20B5EE51}.Release|Any CPU.ActiveCfg = Release|Any CPU
		{6FA3786D-7EF4-4605-A067-FCEB20B5EE51}.Release|Any CPU.Build.0 = Release|Any CPU
		{6E9C9495-A1A0-4506-8550-FCF65E44086A}.Debug|Any CPU.ActiveCfg = Debug|Any CPU
		{6E9C9495-A1A0-4506-8550-FCF65E44086A}.Debug|Any CPU.Build.0 = Debug|Any CPU
		{6E9C9495-A1A0-4506-8550-FCF65E44086A}.Release|Any CPU.ActiveCfg = Release|Any CPU
		{6E9C9495-A1A0-4506-8550-FCF65E44086A}.Release|Any CPU.Build.0 = Release|Any CPU
		{8346B126-4CF8-45D7-BF3C-FB182FBB173F}.Debug|Any CPU.ActiveCfg = Debug|Any CPU
		{8346B126-4CF8-45D7-BF3C-FB182FBB173F}.Debug|Any CPU.Build.0 = Debug|Any CPU
		{8346B126-4CF8-45D7-BF3C-FB182FBB173F}.Release|Any CPU.ActiveCfg = Release|Any CPU
		{8346B126-4CF8-45D7-BF3C-FB182FBB173F}.Release|Any CPU.Build.0 = Release|Any CPU
		{BCC8A7F8-722C-47EA-8978-46E4DCB906BA}.Debug|Any CPU.ActiveCfg = Debug|Any CPU
		{BCC8A7F8-722C-47EA-8978-46E4DCB906BA}.Debug|Any CPU.Build.0 = Debug|Any CPU
		{BCC8A7F8-722C-47EA-8978-46E4DCB906BA}.Release|Any CPU.ActiveCfg = Release|Any CPU
		{BCC8A7F8-722C-47EA-8978-46E4DCB906BA}.Release|Any CPU.Build.0 = Release|Any CPU
	EndGlobalSection
	GlobalSection(SolutionProperties) = preSolution
		HideSolutionNode = FALSE
	EndGlobalSection
	GlobalSection(NestedProjects) = preSolution
		{407707D4-AADF-44BF-A9BB-B4B09D07FE06} = {F80EE278-419B-4DDB-8F6E-E459D0A963EB}
		{6FA3786D-7EF4-4605-A067-FCEB20B5EE51} = {F80EE278-419B-4DDB-8F6E-E459D0A963EB}
		{6E9C9495-A1A0-4506-8550-FCF65E44086A} = {F80EE278-419B-4DDB-8F6E-E459D0A963EB}
		{8346B126-4CF8-45D7-BF3C-FB182FBB173F} = {F80EE278-419B-4DDB-8F6E-E459D0A963EB}
	EndGlobalSection
	GlobalSection(ExtensibilityGlobals) = postSolution
		SolutionGuid = {6FE58F60-9A4A-40D4-BA95-DAC11704EC97}
	EndGlobalSection
EndGlobal
